
Microsoft Visual Studio Solution File, Format Version 12.00
# Visual Studio Version 17
VisualStudioVersion = 17.10.35122.118
MinimumVisualStudioVersion = 10.0.40219.1
Project("{FAE04EC0-301F-11D3-BF4B-00C04F79EFBC}") = "The Maze Game", "The Maze Game\The Maze Game.csproj", "{D274A7E2-23FD-48B0-91F0-FF81F7818D9B}"
EndProject
Global
	GlobalSection(SolutionConfigurationPlatforms) = preSolution
		Debug|Any CPU = Debug|Any CPU
		Release|Any CPU = Release|Any CPU
	EndGlobalSection
	GlobalSection(ProjectConfigurationPlatforms) = postSolution
		{D274A7E2-23FD-48B0-91F0-FF81F7818D9B}.Debug|Any CPU.ActiveCfg = Debug|Any CPU
		{D274A7E2-23FD-48B0-91F0-FF81F7818D9B}.Debug|Any CPU.Build.0 = Debug|Any CPU
		{D274A7E2-23FD-48B0-91F0-FF81F7818D9B}.Release|Any CPU.ActiveCfg = Release|Any CPU
		{D274A7E2-23FD-48B0-91F0-FF81F7818D9B}.Release|Any CPU.Build.0 = Release|Any CPU
	EndGlobalSection
	GlobalSection(SolutionProperties) = preSolution
		HideSolutionNode = FALSE
	EndGlobalSection
	GlobalSection(ExtensibilityGlobals) = postSolution
		SolutionGuid = {2DD4D32C-2914-45B5-94DD-0920ABAEFCC5}
	EndGlobalSection
EndGlobal
